
Microsoft Visual Studio Solution File, Format Version 12.00
# Visual Studio 15
Project("{FAE04EC0-301F-11D3-BF4B-00C04F79EFBC}") = "gallery-manager", "gallery-manager\gallery-manager.csproj", "{A1F88918-5387-4B5B-9F89-FC703F5E4FB6}"
EndProject
Global
	GlobalSection(SolutionConfigurationPlatforms) = preSolution
		Debug|Any CPU = Debug|Any CPU
		Release|Any CPU = Release|Any CPU
	EndGlobalSection
	GlobalSection(ProjectConfigurationPlatforms) = postSolution
		{A1F88918-5387-4B5B-9F89-FC703F5E4FB6}.Debug|Any CPU.ActiveCfg = Debug|Any CPU
		{A1F88918-5387-4B5B-9F89-FC703F5E4FB6}.Debug|Any CPU.Build.0 = Debug|Any CPU
		{A1F88918-5387-4B5B-9F89-FC703F5E4FB6}.Release|Any CPU.ActiveCfg = Release|Any CPU
		{A1F88918-5387-4B5B-9F89-FC703F5E4FB6}.Release|Any CPU.Build.0 = Release|Any CPU
	EndGlobalSection
EndGlobal
